{
  "name": "Frank portfolio",
  "version": "1.0.0",
  "lockfileVersion": 2,
  "requires": true,
  "dependencies": {
    "body-parser": {
      "version": "1.20.1",
      "resolved": "",
      "integrity": "sha512-DeJZoR41hmuGk0rTl5OaxCLYnAuwZqcZ7A/PSZ+U4My/hfj1EDoDeOaxheQtZZ/3oIHXZe2lI5PmywJq1h+3g=="
    },
    "express": {
      "version": "4.18.2",
      "resolved": "",
      "integrity": "sha512-5/zKT1tg58eUCdJZ5ttjbmMG/a+TRkFYqUNt16BqJcrLi3w9vQqUopYaR9epLA6qwK/pSD+FiUDDoJ7fYAP01BUA=="
    },
    "path": {
      "version": "0.12.7",
      "resolved": "(link unavailable)",
      "integrity": "sha1-8KDa2FhAy5Cyahs3O+J+Jh5HTIs="
    }
  }
}
